PODS:
  - Apptimize (3.5.17)
  - lottie-ios (4.1.3)

DEPENDENCIES:
  - Apptimize
  - lottie-ios

SPEC REPOS:
  trunk:
    - Apptimize
    - lottie-ios

SPEC CHECKSUMS:
  Apptimize: 07bb2285e95973a47e636bcbcede3432781ec2cb
  lottie-ios: d0954d3150061f662ed0adf96ef98d7421864c47

PODFILE CHECKSUM: 02ef61eda48cf31de8b3a197d7296b4c8c85014f

COCOAPODS: 1.11.3
